
Microsoft Visual Studio Solution File, Format Version 12.00
# Visual Studio Version 16
VisualStudioVersion = 16.0.29613.14
MinimumVisualStudioVersion = 10.0.40219.1
Project("{FAE04EC0-301F-11D3-BF4B-00C04F79EFBC}") = "App.API", "App.API\App.API.csproj", "{142FF956-8EE9-4634-B89A-A575105001E1}"
EndProject
Project("{FAE04EC0-301F-11D3-BF4B-00C04F79EFBC}") = "App.Core", "App.Core\App.Core.csproj", "{81C5209E-558B-45FE-A098-DA9E7021E842}"
EndProject
Project("{FAE04EC0-301F-11D3-BF4B-00C04F79EFBC}") = "App.Storage.Core", "App.Storage\App.Storage.Core.csproj", "{BD80EA9B-EE2A-4D38-84B4-22646059A014}"
EndProject
Project("{FAE04EC0-301F-11D3-BF4B-00C04F79EFBC}") = "App.MVC", "App.MVC\App.MVC.csproj", "{3637DD80-C5CC-4676-8768-05F97CC2DDA1}"
EndProject
Project("{2150E333-8FDC-42A3-9474-1A3956D46DE8}") = "Storage", "Storage", "{D1D9962A-CDB8-4B80-BEE7-054EC7C98DE3}"
EndProject
Project("{FAE04EC0-301F-11D3-BF4B-00C04F79EFBC}") = "App.Storage.API", "App.Storage.API\App.Storage.API.csproj", "{ADA5496D-0B9A-4D84-914E-1F4A728AF8D7}"
EndProject
Project("{2150E333-8FDC-42A3-9474-1A3956D46DE8}") = "Logger", "Logger", "{F6A2FC73-62B4-4C53-B6EB-E292574534D2}"
EndProject
Project("{FAE04EC0-301F-11D3-BF4B-00C04F79EFBC}") = "App.Logger", "App.Logger\App.Logger.csproj", "{E3F53714-8FF1-422F-A61C-0AD2C0AEB48C}"
EndProject
Project("{FAE04EC0-301F-11D3-BF4B-00C04F79EFBC}") = "App.Context", "App.Context\App.Context.csproj", "{7DDA038B-72EF-4F53-B6CD-FC604046EF6A}"
EndProject
Project("{2150E333-8FDC-42A3-9474-1A3956D46DE8}") = "MainApp", "MainApp", "{FB727026-EF9B-4ECB-BF5A-CED59B84B551}"
EndProject
Global
	GlobalSection(SolutionConfigurationPlatforms) = preSolution
		Debug|Any CPU = Debug|Any CPU
		Release|Any CPU = Release|Any CPU
	EndGlobalSection
	GlobalSection(ProjectConfigurationPlatforms) = postSolution
		{142FF956-8EE9-4634-B89A-A575105001E1}.Debug|Any CPU.ActiveCfg = Debug|Any CPU
		{142FF956-8EE9-4634-B89A-A575105001E1}.Debug|Any CPU.Build.0 = Debug|Any CPU
		{142FF956-8EE9-4634-B89A-A575105001E1}.Release|Any CPU.ActiveCfg = Release|Any CPU
		{142FF956-8EE9-4634-B89A-A575105001E1}.Release|Any CPU.Build.0 = Release|Any CPU
		{81C5209E-558B-45FE-A098-DA9E7021E842}.Debug|Any CPU.ActiveCfg = Debug|Any CPU
		{81C5209E-558B-45FE-A098-DA9E7021E842}.Debug|Any CPU.Build.0 = Debug|Any CPU
		{81C5209E-558B-45FE-A098-DA9E7021E842}.Release|Any CPU.ActiveCfg = Release|Any CPU
		{81C5209E-558B-45FE-A098-DA9E7021E842}.Release|Any CPU.Build.0 = Release|Any CPU
		{BD80EA9B-EE2A-4D38-84B4-22646059A014}.Debug|Any CPU.ActiveCfg = Debug|Any CPU
		{BD80EA9B-EE2A-4D38-84B4-22646059A014}.Debug|Any CPU.Build.0 = Debug|Any CPU
		{BD80EA9B-EE2A-4D38-84B4-22646059A014}.Release|Any CPU.ActiveCfg = Release|Any CPU
		{BD80EA9B-EE2A-4D38-84B4-22646059A014}.Release|Any CPU.Build.0 = Release|Any CPU
		{3637DD80-C5CC-4676-8768-05F97CC2DDA1}.Debug|Any CPU.ActiveCfg = Debug|Any CPU
		{3637DD80-C5CC-4676-8768-05F97CC2DDA1}.Debug|Any CPU.Build.0 = Debug|Any CPU
		{3637DD80-C5CC-4676-8768-05F97CC2DDA1}.Release|Any CPU.ActiveCfg = Release|Any CPU
		{3637DD80-C5CC-4676-8768-05F97CC2DDA1}.Release|Any CPU.Build.0 = Release|Any CPU
		{ADA5496D-0B9A-4D84-914E-1F4A728AF8D7}.Debug|Any CPU.ActiveCfg = Debug|Any CPU
		{ADA5496D-0B9A-4D84-914E-1F4A728AF8D7}.Debug|Any CPU.Build.0 = Debug|Any CPU
		{ADA5496D-0B9A-4D84-914E-1F4A728AF8D7}.Release|Any CPU.ActiveCfg = Release|Any CPU
		{ADA5496D-0B9A-4D84-914E-1F4A728AF8D7}.Release|Any CPU.Build.0 = Release|Any CPU
		{E3F53714-8FF1-422F-A61C-0AD2C0AEB48C}.Debug|Any CPU.ActiveCfg = Debug|Any CPU
		{E3F53714-8FF1-422F-A61C-0AD2C0AEB48C}.Debug|Any CPU.Build.0 = Debug|Any CPU
		{E3F53714-8FF1-422F-A61C-0AD2C0AEB48C}.Release|Any CPU.ActiveCfg = Release|Any CPU
		{E3F53714-8FF1-422F-A61C-0AD2C0AEB48C}.Release|Any CPU.Build.0 = Release|Any CPU
		{7DDA038B-72EF-4F53-B6CD-FC604046EF6A}.Debug|Any CPU.ActiveCfg = Debug|Any CPU
		{7DDA038B-72EF-4F53-B6CD-FC604046EF6A}.Debug|Any CPU.Build.0 = Debug|Any CPU
		{7DDA038B-72EF-4F53-B6CD-FC604046EF6A}.Release|Any CPU.ActiveCfg = Release|Any CPU
		{7DDA038B-72EF-4F53-B6CD-FC604046EF6A}.Release|Any CPU.Build.0 = Release|Any CPU
	EndGlobalSection
	GlobalSection(SolutionProperties) = preSolution
		HideSolutionNode = FALSE
	EndGlobalSection
	GlobalSection(NestedProjects) = preSolution
		{142FF956-8EE9-4634-B89A-A575105001E1} = {FB727026-EF9B-4ECB-BF5A-CED59B84B551}
		{81C5209E-558B-45FE-A098-DA9E7021E842} = {FB727026-EF9B-4ECB-BF5A-CED59B84B551}
		{BD80EA9B-EE2A-4D38-84B4-22646059A014} = {D1D9962A-CDB8-4B80-BEE7-054EC7C98DE3}
		{ADA5496D-0B9A-4D84-914E-1F4A728AF8D7} = {D1D9962A-CDB8-4B80-BEE7-054EC7C98DE3}
		{E3F53714-8FF1-422F-A61C-0AD2C0AEB48C} = {F6A2FC73-62B4-4C53-B6EB-E292574534D2}
		{7DDA038B-72EF-4F53-B6CD-FC604046EF6A} = {FB727026-EF9B-4ECB-BF5A-CED59B84B551}
	EndGlobalSection
	GlobalSection(ExtensibilityGlobals) = postSolution
		SolutionGuid = {CC4409AA-732A-42C4-AD7E-065CED0CBE53}
	EndGlobalSection
EndGlobal
