
Microsoft Visual Studio Solution File, Format Version 12.00
# Visual Studio Version 16
VisualStudioVersion = 16.0.29613.14
MinimumVisualStudioVersion = 10.0.40219.1
Project("{9A19103F-16F7-4668-BE54-9A1E7A4F7556}") = "AppCore.MVC", "AppCore.MVC\AppCore.MVC.csproj", "{60C4D3C7-9E92-46A1-8862-87406CC33D92}"
EndProject
Project("{2150E333-8FDC-42A3-9474-1A3956D46DE8}") = "LinkStorage", "LinkStorage", "{BBCAA2BA-65FE-4EAB-864F-1902CABA386D}"
EndProject
Project("{9A19103F-16F7-4668-BE54-9A1E7A4F7556}") = "AppCore.LinkStorage.API", "AppCore.LinkStorage\AppCore.LinkStorage.API.csproj", "{79888D52-1549-4FCD-B2B7-A2EECFC70603}"
EndProject
Project("{9A19103F-16F7-4668-BE54-9A1E7A4F7556}") = "AppCore.LinkStorage.Core", "AppCore.LinkStorage.Core\AppCore.LinkStorage.Core.csproj", "{53458967-AE03-462A-8451-2C14187D1917}"
EndProject
Project("{2150E333-8FDC-42A3-9474-1A3956D46DE8}") = "MainApp", "MainApp", "{6956295A-63F2-4CC0-A600-D14F5A0F380B}"
EndProject
Project("{9A19103F-16F7-4668-BE54-9A1E7A4F7556}") = "AppCore.Main.API", "AppCore.Main.API\AppCore.Main.API.csproj", "{B130B40E-C1AE-4A11-B762-D7931E5B6110}"
EndProject
Project("{9A19103F-16F7-4668-BE54-9A1E7A4F7556}") = "AppCore.Main.Core", "AppCore.Main.Core\AppCore.Main.Core.csproj", "{3FF1DFF6-5453-4DEF-ADBA-266ABA4C51DB}"
EndProject
Project("{9A19103F-16F7-4668-BE54-9A1E7A4F7556}") = "AppCore.Main.Context", "AppCore.Main.UserContext\AppCore.Main.Context.csproj", "{29ED40AD-B5BC-43C8-ADBA-176362DA16C1}"
EndProject
Project("{9A19103F-16F7-4668-BE54-9A1E7A4F7556}") = "AppCore.Main.Defaults", "AppCore.Main.Defaults\AppCore.Main.Defaults.csproj", "{C79F16F1-D622-4491-A9E6-6265FF2A79A0}"
EndProject
Project("{2150E333-8FDC-42A3-9474-1A3956D46DE8}") = "UserStorage", "UserStorage", "{EC864C9C-304E-4CC1-A8CF-385C6198E5AC}"
EndProject
Project("{9A19103F-16F7-4668-BE54-9A1E7A4F7556}") = "AppCore.UserStorage.API", "AppCore.UserStorage.API\AppCore.UserStorage.API.csproj", "{F39A820A-1D78-4728-95CA-6CA213F49793}"
EndProject
Project("{9A19103F-16F7-4668-BE54-9A1E7A4F7556}") = "AppCore.UserStorage.Core", "AppCore.UserStorage.Core\AppCore.UserStorage.Core.csproj", "{024E89F8-6E99-46BC-9A52-5070E02ADED9}"
EndProject
Project("{2150E333-8FDC-42A3-9474-1A3956D46DE8}") = "Storages", "Storages", "{0507E03E-3747-4BD2-8F28-5EE3CA60B066}"
EndProject
Project("{2150E333-8FDC-42A3-9474-1A3956D46DE8}") = "Tests", "Tests", "{730C4B44-BFB5-4A67-BF09-4BDE5BA41FEB}"
EndProject
Project("{FAE04EC0-301F-11D3-BF4B-00C04F79EFBC}") = "AppCore.Tests.Services", "AppCore.Tests.Services\AppCore.Tests.Services.csproj", "{4DA3611F-8F2E-436F-89DC-52C2DB2B9D05}"
EndProject
Global
	GlobalSection(SolutionConfigurationPlatforms) = preSolution
		Debug|Any CPU = Debug|Any CPU
		Release|Any CPU = Release|Any CPU
	EndGlobalSection
	GlobalSection(ProjectConfigurationPlatforms) = postSolution
		{60C4D3C7-9E92-46A1-8862-87406CC33D92}.Debug|Any CPU.ActiveCfg = Debug|Any CPU
		{60C4D3C7-9E92-46A1-8862-87406CC33D92}.Debug|Any CPU.Build.0 = Debug|Any CPU
		{60C4D3C7-9E92-46A1-8862-87406CC33D92}.Release|Any CPU.ActiveCfg = Release|Any CPU
		{60C4D3C7-9E92-46A1-8862-87406CC33D92}.Release|Any CPU.Build.0 = Release|Any CPU
		{79888D52-1549-4FCD-B2B7-A2EECFC70603}.Debug|Any CPU.ActiveCfg = Debug|Any CPU
		{79888D52-1549-4FCD-B2B7-A2EECFC70603}.Debug|Any CPU.Build.0 = Debug|Any CPU
		{79888D52-1549-4FCD-B2B7-A2EECFC70603}.Release|Any CPU.ActiveCfg = Release|Any CPU
		{79888D52-1549-4FCD-B2B7-A2EECFC70603}.Release|Any CPU.Build.0 = Release|Any CPU
		{53458967-AE03-462A-8451-2C14187D1917}.Debug|Any CPU.ActiveCfg = Debug|Any CPU
		{53458967-AE03-462A-8451-2C14187D1917}.Debug|Any CPU.Build.0 = Debug|Any CPU
		{53458967-AE03-462A-8451-2C14187D1917}.Release|Any CPU.ActiveCfg = Release|Any CPU
		{53458967-AE03-462A-8451-2C14187D1917}.Release|Any CPU.Build.0 = Release|Any CPU
		{B130B40E-C1AE-4A11-B762-D7931E5B6110}.Debug|Any CPU.ActiveCfg = Debug|Any CPU
		{B130B40E-C1AE-4A11-B762-D7931E5B6110}.Debug|Any CPU.Build.0 = Debug|Any CPU
		{B130B40E-C1AE-4A11-B762-D7931E5B6110}.Release|Any CPU.ActiveCfg = Release|Any CPU
		{B130B40E-C1AE-4A11-B762-D7931E5B6110}.Release|Any CPU.Build.0 = Release|Any CPU
		{3FF1DFF6-5453-4DEF-ADBA-266ABA4C51DB}.Debug|Any CPU.ActiveCfg = Debug|Any CPU
		{3FF1DFF6-5453-4DEF-ADBA-266ABA4C51DB}.Debug|Any CPU.Build.0 = Debug|Any CPU
		{3FF1DFF6-5453-4DEF-ADBA-266ABA4C51DB}.Release|Any CPU.ActiveCfg = Release|Any CPU
		{3FF1DFF6-5453-4DEF-ADBA-266ABA4C51DB}.Release|Any CPU.Build.0 = Release|Any CPU
		{29ED40AD-B5BC-43C8-ADBA-176362DA16C1}.Debug|Any CPU.ActiveCfg = Debug|Any CPU
		{29ED40AD-B5BC-43C8-ADBA-176362DA16C1}.Debug|Any CPU.Build.0 = Debug|Any CPU
		{29ED40AD-B5BC-43C8-ADBA-176362DA16C1}.Release|Any CPU.ActiveCfg = Release|Any CPU
		{29ED40AD-B5BC-43C8-ADBA-176362DA16C1}.Release|Any CPU.Build.0 = Release|Any CPU
		{C79F16F1-D622-4491-A9E6-6265FF2A79A0}.Debug|Any CPU.ActiveCfg = Debug|Any CPU
		{C79F16F1-D622-4491-A9E6-6265FF2A79A0}.Debug|Any CPU.Build.0 = Debug|Any CPU
		{C79F16F1-D622-4491-A9E6-6265FF2A79A0}.Release|Any CPU.ActiveCfg = Release|Any CPU
		{C79F16F1-D622-4491-A9E6-6265FF2A79A0}.Release|Any CPU.Build.0 = Release|Any CPU
		{F39A820A-1D78-4728-95CA-6CA213F49793}.Debug|Any CPU.ActiveCfg = Debug|Any CPU
		{F39A820A-1D78-4728-95CA-6CA213F49793}.Debug|Any CPU.Build.0 = Debug|Any CPU
		{F39A820A-1D78-4728-95CA-6CA213F49793}.Release|Any CPU.ActiveCfg = Release|Any CPU
		{F39A820A-1D78-4728-95CA-6CA213F49793}.Release|Any CPU.Build.0 = Release|Any CPU
		{024E89F8-6E99-46BC-9A52-5070E02ADED9}.Debug|Any CPU.ActiveCfg = Debug|Any CPU
		{024E89F8-6E99-46BC-9A52-5070E02ADED9}.Debug|Any CPU.Build.0 = Debug|Any CPU
		{024E89F8-6E99-46BC-9A52-5070E02ADED9}.Release|Any CPU.ActiveCfg = Release|Any CPU
		{024E89F8-6E99-46BC-9A52-5070E02ADED9}.Release|Any CPU.Build.0 = Release|Any CPU
		{4DA3611F-8F2E-436F-89DC-52C2DB2B9D05}.Debug|Any CPU.ActiveCfg = Debug|Any CPU
		{4DA3611F-8F2E-436F-89DC-52C2DB2B9D05}.Debug|Any CPU.Build.0 = Debug|Any CPU
		{4DA3611F-8F2E-436F-89DC-52C2DB2B9D05}.Release|Any CPU.ActiveCfg = Release|Any CPU
		{4DA3611F-8F2E-436F-89DC-52C2DB2B9D05}.Release|Any CPU.Build.0 = Release|Any CPU
	EndGlobalSection
	GlobalSection(SolutionProperties) = preSolution
		HideSolutionNode = FALSE
	EndGlobalSection
	GlobalSection(NestedProjects) = preSolution
		{BBCAA2BA-65FE-4EAB-864F-1902CABA386D} = {0507E03E-3747-4BD2-8F28-5EE3CA60B066}
		{79888D52-1549-4FCD-B2B7-A2EECFC70603} = {BBCAA2BA-65FE-4EAB-864F-1902CABA386D}
		{53458967-AE03-462A-8451-2C14187D1917} = {BBCAA2BA-65FE-4EAB-864F-1902CABA386D}
		{B130B40E-C1AE-4A11-B762-D7931E5B6110} = {6956295A-63F2-4CC0-A600-D14F5A0F380B}
		{3FF1DFF6-5453-4DEF-ADBA-266ABA4C51DB} = {6956295A-63F2-4CC0-A600-D14F5A0F380B}
		{29ED40AD-B5BC-43C8-ADBA-176362DA16C1} = {6956295A-63F2-4CC0-A600-D14F5A0F380B}
		{C79F16F1-D622-4491-A9E6-6265FF2A79A0} = {6956295A-63F2-4CC0-A600-D14F5A0F380B}
		{EC864C9C-304E-4CC1-A8CF-385C6198E5AC} = {0507E03E-3747-4BD2-8F28-5EE3CA60B066}
		{F39A820A-1D78-4728-95CA-6CA213F49793} = {EC864C9C-304E-4CC1-A8CF-385C6198E5AC}
		{024E89F8-6E99-46BC-9A52-5070E02ADED9} = {EC864C9C-304E-4CC1-A8CF-385C6198E5AC}
		{4DA3611F-8F2E-436F-89DC-52C2DB2B9D05} = {730C4B44-BFB5-4A67-BF09-4BDE5BA41FEB}
	EndGlobalSection
	GlobalSection(ExtensibilityGlobals) = postSolution
		SolutionGuid = {CC4409AA-732A-42C4-AD7E-065CED0CBE53}
	EndGlobalSection
EndGlobal
